
Microsoft Visual Studio Solution File, Format Version 12.00
# Visual Studio Version 17
VisualStudioVersion = 17.14.36518.9 d17.14
MinimumVisualStudioVersion = 10.0.40219.1
Project("{FAE04EC0-301F-11D3-BF4B-00C04F79EFBC}") = "StudentsManagementSystem", "StudentsManagementSystem\StudentsManagementSystem.csproj", "{8730586B-8655-4EFA-8FA9-CE0CEC41AC78}"
EndProject
Global
	GlobalSection(SolutionConfigurationPlatforms) = preSolution
		Debug|Any CPU = Debug|Any CPU
		Release|Any CPU = Release|Any CPU
	EndGlobalSection
	GlobalSection(ProjectConfigurationPlatforms) = postSolution
		{8730586B-8655-4EFA-8FA9-CE0CEC41AC78}.Debug|Any CPU.ActiveCfg = Debug|Any CPU
		{8730586B-8655-4EFA-8FA9-CE0CEC41AC78}.Debug|Any CPU.Build.0 = Debug|Any CPU
		{8730586B-8655-4EFA-8FA9-CE0CEC41AC78}.Release|Any CPU.ActiveCfg = Release|Any CPU
		{8730586B-8655-4EFA-8FA9-CE0CEC41AC78}.Release|Any CPU.Build.0 = Release|Any CPU
	EndGlobalSection
	GlobalSection(SolutionProperties) = preSolution
		HideSolutionNode = FALSE
	EndGlobalSection
	GlobalSection(ExtensibilityGlobals) = postSolution
		SolutionGuid = {4B9868A4-8CDC-4D4F-8646-8CBDF0703D7C}
	EndGlobalSection
EndGlobal
