
Microsoft Visual Studio Solution File, Format Version 12.00
# Visual Studio Version 17
VisualStudioVersion = 17.14.36203.30 d17.14
MinimumVisualStudioVersion = 10.0.40219.1
Project("{FAE04EC0-301F-11D3-BF4B-00C04F79EFBC}") = "ThreadingExample", "Day-7\ThreadingExample.csproj", "{4993783F-C0A3-4E7F-97EF-40171E86C8B0}"
EndProject
Project("{FAE04EC0-301F-11D3-BF4B-00C04F79EFBC}") = "ThreadingExamples2", "ThreadingExamples2\ThreadingExamples2.csproj", "{B7B54ACC-8E37-40B0-AFDB-CABD75E42440}"
EndProject
Project("{FAE04EC0-301F-11D3-BF4B-00C04F79EFBC}") = "ThreadExample3", "ThreadExample3\ThreadExample3.csproj", "{700E7B93-FDCF-4C21-BFFB-0E4901EE63E6}"
EndProject
Project("{FAE04EC0-301F-11D3-BF4B-00C04F79EFBC}") = "AsyncCodeWithDelegtes", "AsyncCodeWithDelegtes\AsyncCodeWithDelegtes.csproj", "{D87769E6-3428-4467-85B6-1998DD5D85CE}"
EndProject
Global
	GlobalSection(SolutionConfigurationPlatforms) = preSolution
		Debug|Any CPU = Debug|Any CPU
		Release|Any CPU = Release|Any CPU
	EndGlobalSection
	GlobalSection(ProjectConfigurationPlatforms) = postSolution
		{4993783F-C0A3-4E7F-97EF-40171E86C8B0}.Debug|Any CPU.ActiveCfg = Debug|Any CPU
		{4993783F-C0A3-4E7F-97EF-40171E86C8B0}.Debug|Any CPU.Build.0 = Debug|Any CPU
		{4993783F-C0A3-4E7F-97EF-40171E86C8B0}.Release|Any CPU.ActiveCfg = Release|Any CPU
		{4993783F-C0A3-4E7F-97EF-40171E86C8B0}.Release|Any CPU.Build.0 = Release|Any CPU
		{B7B54ACC-8E37-40B0-AFDB-CABD75E42440}.Debug|Any CPU.ActiveCfg = Debug|Any CPU
		{B7B54ACC-8E37-40B0-AFDB-CABD75E42440}.Debug|Any CPU.Build.0 = Debug|Any CPU
		{B7B54ACC-8E37-40B0-AFDB-CABD75E42440}.Release|Any CPU.ActiveCfg = Release|Any CPU
		{B7B54ACC-8E37-40B0-AFDB-CABD75E42440}.Release|Any CPU.Build.0 = Release|Any CPU
		{700E7B93-FDCF-4C21-BFFB-0E4901EE63E6}.Debug|Any CPU.ActiveCfg = Debug|Any CPU
		{700E7B93-FDCF-4C21-BFFB-0E4901EE63E6}.Debug|Any CPU.Build.0 = Debug|Any CPU
		{700E7B93-FDCF-4C21-BFFB-0E4901EE63E6}.Release|Any CPU.ActiveCfg = Release|Any CPU
		{700E7B93-FDCF-4C21-BFFB-0E4901EE63E6}.Release|Any CPU.Build.0 = Release|Any CPU
		{D87769E6-3428-4467-85B6-1998DD5D85CE}.Debug|Any CPU.ActiveCfg = Debug|Any CPU
		{D87769E6-3428-4467-85B6-1998DD5D85CE}.Debug|Any CPU.Build.0 = Debug|Any CPU
		{D87769E6-3428-4467-85B6-1998DD5D85CE}.Release|Any CPU.ActiveCfg = Release|Any CPU
		{D87769E6-3428-4467-85B6-1998DD5D85CE}.Release|Any CPU.Build.0 = Release|Any CPU
	EndGlobalSection
	GlobalSection(SolutionProperties) = preSolution
		HideSolutionNode = FALSE
	EndGlobalSection
	GlobalSection(ExtensibilityGlobals) = postSolution
		SolutionGuid = {9BB053E5-2968-4C03-AB39-5BFBA198727D}
	EndGlobalSection
EndGlobal
